
Microsoft Visual Studio Solution File, Format Version 12.00
# Visual Studio Version 17
VisualStudioVersion = 17.0.31611.283
MinimumVisualStudioVersion = 10.0.40219.1
Project("{9A19103F-16F7-4668-BE54-9A1E7A4F7556}") = "TheBridgesOfMaui", "DasVersteckDesMeisters\DasVersteckDesMeisters.csproj", "{C0BB67B8-B297-4A1B-A97E-751A53C6FFBC}"
EndProject
Project("{9A19103F-16F7-4668-BE54-9A1E7A4F7556}") = "WebViewInterop", "WebViewInterop\WebViewInterop.csproj", "{1AA39E37-64C6-486B-B1C6-ECFE605519B5}"
EndProject
Project("{8BC9CEB8-8B4A-11D0-8D11-00A0C91BC942}") = "WinRTAdapter", "WinRTAdapter\WinRTAdapter.vcxproj", "{CCD4EC79-3F61-4BAF-AE39-D73857B19B82}"
EndProject
Project("{9A19103F-16F7-4668-BE54-9A1E7A4F7556}") = "Maui.Windows.Interfaces", "MauiWindowsInterfaces\Maui.Windows.Interfaces.csproj", "{2746B9A5-3BC0-470A-A813-1C5D510911A1}"
EndProject
Global
	GlobalSection(SolutionConfigurationPlatforms) = preSolution
		Debug|Any CPU = Debug|Any CPU
		Debug|ARM = Debug|ARM
		Debug|ARM64 = Debug|ARM64
		Debug|x64 = Debug|x64
		Debug|x86 = Debug|x86
		Release|Any CPU = Release|Any CPU
		Release|ARM = Release|ARM
		Release|ARM64 = Release|ARM64
		Release|x64 = Release|x64
		Release|x86 = Release|x86
	EndGlobalSection
	GlobalSection(ProjectConfigurationPlatforms) = postSolution
		{C0BB67B8-B297-4A1B-A97E-751A53C6FFBC}.Debug|Any CPU.ActiveCfg = Debug|Any CPU
		{C0BB67B8-B297-4A1B-A97E-751A53C6FFBC}.Debug|Any CPU.Build.0 = Debug|Any CPU
		{C0BB67B8-B297-4A1B-A97E-751A53C6FFBC}.Debug|Any CPU.Deploy.0 = Debug|Any CPU
		{C0BB67B8-B297-4A1B-A97E-751A53C6FFBC}.Debug|ARM.ActiveCfg = Debug|Any CPU
		{C0BB67B8-B297-4A1B-A97E-751A53C6FFBC}.Debug|ARM.Build.0 = Debug|Any CPU
		{C0BB67B8-B297-4A1B-A97E-751A53C6FFBC}.Debug|ARM.Deploy.0 = Debug|Any CPU
		{C0BB67B8-B297-4A1B-A97E-751A53C6FFBC}.Debug|ARM64.ActiveCfg = Debug|Any CPU
		{C0BB67B8-B297-4A1B-A97E-751A53C6FFBC}.Debug|ARM64.Build.0 = Debug|Any CPU
		{C0BB67B8-B297-4A1B-A97E-751A53C6FFBC}.Debug|ARM64.Deploy.0 = Debug|Any CPU
		{C0BB67B8-B297-4A1B-A97E-751A53C6FFBC}.Debug|x64.ActiveCfg = Debug|x64
		{C0BB67B8-B297-4A1B-A97E-751A53C6FFBC}.Debug|x64.Build.0 = Debug|x64
		{C0BB67B8-B297-4A1B-A97E-751A53C6FFBC}.Debug|x64.Deploy.0 = Debug|x64
		{C0BB67B8-B297-4A1B-A97E-751A53C6FFBC}.Debug|x86.ActiveCfg = Debug|Any CPU
		{C0BB67B8-B297-4A1B-A97E-751A53C6FFBC}.Debug|x86.Build.0 = Debug|Any CPU
		{C0BB67B8-B297-4A1B-A97E-751A53C6FFBC}.Debug|x86.Deploy.0 = Debug|Any CPU
		{C0BB67B8-B297-4A1B-A97E-751A53C6FFBC}.Release|Any CPU.ActiveCfg = Release|Any CPU
		{C0BB67B8-B297-4A1B-A97E-751A53C6FFBC}.Release|Any CPU.Build.0 = Release|Any CPU
		{C0BB67B8-B297-4A1B-A97E-751A53C6FFBC}.Release|Any CPU.Deploy.0 = Release|Any CPU
		{C0BB67B8-B297-4A1B-A97E-751A53C6FFBC}.Release|ARM.ActiveCfg = Release|Any CPU
		{C0BB67B8-B297-4A1B-A97E-751A53C6FFBC}.Release|ARM.Build.0 = Release|Any CPU
		{C0BB67B8-B297-4A1B-A97E-751A53C6FFBC}.Release|ARM.Deploy.0 = Release|Any CPU
		{C0BB67B8-B297-4A1B-A97E-751A53C6FFBC}.Release|ARM64.ActiveCfg = Release|Any CPU
		{C0BB67B8-B297-4A1B-A97E-751A53C6FFBC}.Release|ARM64.Build.0 = Release|Any CPU
		{C0BB67B8-B297-4A1B-A97E-751A53C6FFBC}.Release|ARM64.Deploy.0 = Release|Any CPU
		{C0BB67B8-B297-4A1B-A97E-751A53C6FFBC}.Release|x64.ActiveCfg = Release|x64
		{C0BB67B8-B297-4A1B-A97E-751A53C6FFBC}.Release|x64.Build.0 = Release|x64
		{C0BB67B8-B297-4A1B-A97E-751A53C6FFBC}.Release|x64.Deploy.0 = Release|x64
		{C0BB67B8-B297-4A1B-A97E-751A53C6FFBC}.Release|x86.ActiveCfg = Release|Any CPU
		{C0BB67B8-B297-4A1B-A97E-751A53C6FFBC}.Release|x86.Build.0 = Release|Any CPU
		{C0BB67B8-B297-4A1B-A97E-751A53C6FFBC}.Release|x86.Deploy.0 = Release|Any CPU
		{1AA39E37-64C6-486B-B1C6-ECFE605519B5}.Debug|Any CPU.ActiveCfg = Debug|Any CPU
		{1AA39E37-64C6-486B-B1C6-ECFE605519B5}.Debug|Any CPU.Build.0 = Debug|Any CPU
		{1AA39E37-64C6-486B-B1C6-ECFE605519B5}.Debug|ARM.ActiveCfg = Debug|Any CPU
		{1AA39E37-64C6-486B-B1C6-ECFE605519B5}.Debug|ARM.Build.0 = Debug|Any CPU
		{1AA39E37-64C6-486B-B1C6-ECFE605519B5}.Debug|ARM64.ActiveCfg = Debug|Any CPU
		{1AA39E37-64C6-486B-B1C6-ECFE605519B5}.Debug|ARM64.Build.0 = Debug|Any CPU
		{1AA39E37-64C6-486B-B1C6-ECFE605519B5}.Debug|x64.ActiveCfg = Debug|x64
		{1AA39E37-64C6-486B-B1C6-ECFE605519B5}.Debug|x64.Build.0 = Debug|x64
		{1AA39E37-64C6-486B-B1C6-ECFE605519B5}.Debug|x86.ActiveCfg = Debug|Any CPU
		{1AA39E37-64C6-486B-B1C6-ECFE605519B5}.Debug|x86.Build.0 = Debug|Any CPU
		{1AA39E37-64C6-486B-B1C6-ECFE605519B5}.Release|Any CPU.ActiveCfg = Release|Any CPU
		{1AA39E37-64C6-486B-B1C6-ECFE605519B5}.Release|Any CPU.Build.0 = Release|Any CPU
		{1AA39E37-64C6-486B-B1C6-ECFE605519B5}.Release|ARM.ActiveCfg = Release|Any CPU
		{1AA39E37-64C6-486B-B1C6-ECFE605519B5}.Release|ARM.Build.0 = Release|Any CPU
		{1AA39E37-64C6-486B-B1C6-ECFE605519B5}.Release|ARM64.ActiveCfg = Release|Any CPU
		{1AA39E37-64C6-486B-B1C6-ECFE605519B5}.Release|ARM64.Build.0 = Release|Any CPU
		{1AA39E37-64C6-486B-B1C6-ECFE605519B5}.Release|x64.ActiveCfg = Release|x64
		{1AA39E37-64C6-486B-B1C6-ECFE605519B5}.Release|x64.Build.0 = Release|x64
		{1AA39E37-64C6-486B-B1C6-ECFE605519B5}.Release|x86.ActiveCfg = Release|Any CPU
		{1AA39E37-64C6-486B-B1C6-ECFE605519B5}.Release|x86.Build.0 = Release|Any CPU
		{CCD4EC79-3F61-4BAF-AE39-D73857B19B82}.Debug|Any CPU.ActiveCfg = Debug|x64
		{CCD4EC79-3F61-4BAF-AE39-D73857B19B82}.Debug|Any CPU.Build.0 = Debug|x64
		{CCD4EC79-3F61-4BAF-AE39-D73857B19B82}.Debug|ARM.ActiveCfg = Debug|ARM
		{CCD4EC79-3F61-4BAF-AE39-D73857B19B82}.Debug|ARM.Build.0 = Debug|ARM
		{CCD4EC79-3F61-4BAF-AE39-D73857B19B82}.Debug|ARM64.ActiveCfg = Debug|ARM64
		{CCD4EC79-3F61-4BAF-AE39-D73857B19B82}.Debug|ARM64.Build.0 = Debug|ARM64
		{CCD4EC79-3F61-4BAF-AE39-D73857B19B82}.Debug|x64.ActiveCfg = Debug|x64
		{CCD4EC79-3F61-4BAF-AE39-D73857B19B82}.Debug|x64.Build.0 = Debug|x64
		{CCD4EC79-3F61-4BAF-AE39-D73857B19B82}.Debug|x86.ActiveCfg = Debug|Win32
		{CCD4EC79-3F61-4BAF-AE39-D73857B19B82}.Debug|x86.Build.0 = Debug|Win32
		{CCD4EC79-3F61-4BAF-AE39-D73857B19B82}.Release|Any CPU.ActiveCfg = Release|x64
		{CCD4EC79-3F61-4BAF-AE39-D73857B19B82}.Release|Any CPU.Build.0 = Release|x64
		{CCD4EC79-3F61-4BAF-AE39-D73857B19B82}.Release|ARM.ActiveCfg = Release|ARM
		{CCD4EC79-3F61-4BAF-AE39-D73857B19B82}.Release|ARM.Build.0 = Release|ARM
		{CCD4EC79-3F61-4BAF-AE39-D73857B19B82}.Release|ARM64.ActiveCfg = Release|ARM64
		{CCD4EC79-3F61-4BAF-AE39-D73857B19B82}.Release|ARM64.Build.0 = Release|ARM64
		{CCD4EC79-3F61-4BAF-AE39-D73857B19B82}.Release|x64.ActiveCfg = Release|x64
		{CCD4EC79-3F61-4BAF-AE39-D73857B19B82}.Release|x64.Build.0 = Release|x64
		{CCD4EC79-3F61-4BAF-AE39-D73857B19B82}.Release|x86.ActiveCfg = Release|Win32
		{CCD4EC79-3F61-4BAF-AE39-D73857B19B82}.Release|x86.Build.0 = Release|Win32
		{2746B9A5-3BC0-470A-A813-1C5D510911A1}.Debug|Any CPU.ActiveCfg = Debug|Any CPU
		{2746B9A5-3BC0-470A-A813-1C5D510911A1}.Debug|ARM.ActiveCfg = Debug|Any CPU
		{2746B9A5-3BC0-470A-A813-1C5D510911A1}.Debug|ARM64.ActiveCfg = Debug|Any CPU
		{2746B9A5-3BC0-470A-A813-1C5D510911A1}.Debug|x64.ActiveCfg = Debug|x64
		{2746B9A5-3BC0-470A-A813-1C5D510911A1}.Debug|x64.Build.0 = Debug|x64
		{2746B9A5-3BC0-470A-A813-1C5D510911A1}.Debug|x86.ActiveCfg = Debug|Any CPU
		{2746B9A5-3BC0-470A-A813-1C5D510911A1}.Release|Any CPU.ActiveCfg = Release|Any CPU
		{2746B9A5-3BC0-470A-A813-1C5D510911A1}.Release|ARM.ActiveCfg = Release|Any CPU
		{2746B9A5-3BC0-470A-A813-1C5D510911A1}.Release|ARM64.ActiveCfg = Release|Any CPU
		{2746B9A5-3BC0-470A-A813-1C5D510911A1}.Release|x64.ActiveCfg = Release|x64
		{2746B9A5-3BC0-470A-A813-1C5D510911A1}.Release|x64.Build.0 = Release|x64
		{2746B9A5-3BC0-470A-A813-1C5D510911A1}.Release|x86.ActiveCfg = Release|Any CPU
	EndGlobalSection
	GlobalSection(SolutionProperties) = preSolution
		HideSolutionNode = FALSE
	EndGlobalSection
	GlobalSection(ExtensibilityGlobals) = postSolution
		SolutionGuid = {61F7FB11-1E47-470C-91E2-47F8143E1572}
	EndGlobalSection
EndGlobal
